
Microsoft Visual Studio Solution File, Format Version 12.00
# Visual Studio Version 16
VisualStudioVersion = 16.0.30717.126
MinimumVisualStudioVersion = 10.0.40219.1
Project("{FAE04EC0-301F-11D3-BF4B-00C04F79EFBC}") = "02_BinarizationAndContour", "02_BinarizationAndContour.csproj", "{8EF5F1E0-0BCE-4D84-B0CC-71C26E6C70EC}"
EndProject
Global
	GlobalSection(SolutionConfigurationPlatforms) = preSolution
		Debug|Any CPU = Debug|Any CPU
		Release|Any CPU = Release|Any CPU
	EndGlobalSection
	GlobalSection(ProjectConfigurationPlatforms) = postSolution
		{8EF5F1E0-0BCE-4D84-B0CC-71C26E6C70EC}.Debug|Any CPU.ActiveCfg = Debug|Any CPU
		{8EF5F1E0-0BCE-4D84-B0CC-71C26E6C70EC}.Debug|Any CPU.Build.0 = Debug|Any CPU
		{8EF5F1E0-0BCE-4D84-B0CC-71C26E6C70EC}.Release|Any CPU.ActiveCfg = Release|Any CPU
		{8EF5F1E0-0BCE-4D84-B0CC-71C26E6C70EC}.Release|Any CPU.Build.0 = Release|Any CPU
	EndGlobalSection
	GlobalSection(SolutionProperties) = preSolution
		HideSolutionNode = FALSE
	EndGlobalSection
	GlobalSection(ExtensibilityGlobals) = postSolution
		SolutionGuid = {DBBBAD3D-19F0-4BFC-B0F7-1B0D5449AA3A}
	EndGlobalSection
EndGlobal
